
Microsoft Visual Studio Solution File, Format Version 12.00
# Visual Studio Version 17
VisualStudioVersion = 17.5.33530.505
MinimumVisualStudioVersion = 10.0.40219.1
Project("{9A19103F-16F7-4668-BE54-9A1E7A4F7556}") = "JevoCrypt", "JevoCrypt.csproj", "{0F20C691-A325-448E-A783-CCA38A411A78}"
EndProject
Project("{9A19103F-16F7-4668-BE54-9A1E7A4F7556}") = "EntityCoreBasics", "..\EntityCoreBasics\EntityCoreBasics.csproj", "{0930F364-4445-4276-A6DD-0CCB0B3FB4DC}"
EndProject
Global
	GlobalSection(SolutionConfigurationPlatforms) = preSolution
		Debug|Any CPU = Debug|Any CPU
		Release|Any CPU = Release|Any CPU
	EndGlobalSection
	GlobalSection(ProjectConfigurationPlatforms) = postSolution
		{0F20C691-A325-448E-A783-CCA38A411A78}.Debug|Any CPU.ActiveCfg = Debug|Any CPU
		{0F20C691-A325-448E-A783-CCA38A411A78}.Debug|Any CPU.Build.0 = Debug|Any CPU
		{0F20C691-A325-448E-A783-CCA38A411A78}.Release|Any CPU.ActiveCfg = Release|Any CPU
		{0F20C691-A325-448E-A783-CCA38A411A78}.Release|Any CPU.Build.0 = Release|Any CPU
		{0930F364-4445-4276-A6DD-0CCB0B3FB4DC}.Debug|Any CPU.ActiveCfg = Debug|Any CPU
		{0930F364-4445-4276-A6DD-0CCB0B3FB4DC}.Debug|Any CPU.Build.0 = Debug|Any CPU
		{0930F364-4445-4276-A6DD-0CCB0B3FB4DC}.Release|Any CPU.ActiveCfg = Release|Any CPU
		{0930F364-4445-4276-A6DD-0CCB0B3FB4DC}.Release|Any CPU.Build.0 = Release|Any CPU
	EndGlobalSection
	GlobalSection(SolutionProperties) = preSolution
		HideSolutionNode = FALSE
	EndGlobalSection
	GlobalSection(ExtensibilityGlobals) = postSolution
		SolutionGuid = {77289CC8-8670-41A3-BC76-10ACB5B0800D}
	EndGlobalSection
EndGlobal
